
Microsoft Visual Studio Solution File, Format Version 12.00
# Visual Studio 15
VisualStudioVersion = 15.0.26430.13
MinimumVisualStudioVersion = 10.0.40219.1
Project("{FAE04EC0-301F-11D3-BF4B-00C04F79EFBC}") = "DefuseBomp.Android", "DefuseBomp\DefuseBomp.Android\DefuseBomp.Android.csproj", "{BE649392-1409-45E7-A9E4-3A3D6DAB745D}"
EndProject
Project("{FAE04EC0-301F-11D3-BF4B-00C04F79EFBC}") = "DefuseBomp", "DefuseBomp\DefuseBomp\DefuseBomp.csproj", "{35C27AF8-2846-40D0-A37C-B4D071AF5FEA}"
EndProject
Project("{FAE04EC0-301F-11D3-BF4B-00C04F79EFBC}") = "DefuseBomp.UWP", "DefuseBomp\DefuseBomp.UWP\DefuseBomp.UWP.csproj", "{61108623-1530-4FE7-AAFE-C29DDA831EE8}"
EndProject
Project("{FAE04EC0-301F-11D3-BF4B-00C04F79EFBC}") = "DefuseBomp.iOS", "DefuseBomp\DefuseBomp.iOS\DefuseBomp.iOS.csproj", "{6F8AE4BA-CC13-4E0A-9197-1CAF4798127F}"
EndProject
Global
	GlobalSection(SolutionConfigurationPlatforms) = preSolution
		Ad-Hoc|Any CPU = Ad-Hoc|Any CPU
		Ad-Hoc|ARM = Ad-Hoc|ARM
		Ad-Hoc|iPhone = Ad-Hoc|iPhone
		Ad-Hoc|iPhoneSimulator = Ad-Hoc|iPhoneSimulator
		Ad-Hoc|x64 = Ad-Hoc|x64
		Ad-Hoc|x86 = Ad-Hoc|x86
		AppStore|Any CPU = AppStore|Any CPU
		AppStore|ARM = AppStore|ARM
		AppStore|iPhone = AppStore|iPhone
		AppStore|iPhoneSimulator = AppStore|iPhoneSimulator
		AppStore|x64 = AppStore|x64
		AppStore|x86 = AppStore|x86
		Debug|Any CPU = Debug|Any CPU
		Debug|ARM = Debug|ARM
		Debug|iPhone = Debug|iPhone
		Debug|iPhoneSimulator = Debug|iPhoneSimulator
		Debug|x64 = Debug|x64
		Debug|x86 = Debug|x86
		Release|Any CPU = Release|Any CPU
		Release|ARM = Release|ARM
		Release|iPhone = Release|iPhone
		Release|iPhoneSimulator = Release|iPhoneSimulator
		Release|x64 = Release|x64
		Release|x86 = Release|x86
	EndGlobalSection
	GlobalSection(ProjectConfigurationPlatforms) = postSolution
		{BE649392-1409-45E7-A9E4-3A3D6DAB745D}.Ad-Hoc|Any CPU.ActiveCfg = Release|Any CPU
		{BE649392-1409-45E7-A9E4-3A3D6DAB745D}.Ad-Hoc|Any CPU.Build.0 = Release|Any CPU
		{BE649392-1409-45E7-A9E4-3A3D6DAB745D}.Ad-Hoc|Any CPU.Deploy.0 = Release|Any CPU
		{BE649392-1409-45E7-A9E4-3A3D6DAB745D}.Ad-Hoc|ARM.ActiveCfg = Release|Any CPU
		{BE649392-1409-45E7-A9E4-3A3D6DAB745D}.Ad-Hoc|ARM.Build.0 = Release|Any CPU
		{BE649392-1409-45E7-A9E4-3A3D6DAB745D}.Ad-Hoc|ARM.Deploy.0 = Release|Any CPU
		{BE649392-1409-45E7-A9E4-3A3D6DAB745D}.Ad-Hoc|iPhone.ActiveCfg = Release|Any CPU
		{BE649392-1409-45E7-A9E4-3A3D6DAB745D}.Ad-Hoc|iPhone.Build.0 = Release|Any CPU
		{BE649392-1409-45E7-A9E4-3A3D6DAB745D}.Ad-Hoc|iPhone.Deploy.0 = Release|Any CPU
		{BE649392-1409-45E7-A9E4-3A3D6DAB745D}.Ad-Hoc|iPhoneSimulator.ActiveCfg = Release|Any CPU
		{BE649392-1409-45E7-A9E4-3A3D6DAB745D}.Ad-Hoc|iPhoneSimulator.Build.0 = Release|Any CPU
		{BE649392-1409-45E7-A9E4-3A3D6DAB745D}.Ad-Hoc|iPhoneSimulator.Deploy.0 = Release|Any CPU
		{BE649392-1409-45E7-A9E4-3A3D6DAB745D}.Ad-Hoc|x64.ActiveCfg = Release|Any CPU
		{BE649392-1409-45E7-A9E4-3A3D6DAB745D}.Ad-Hoc|x64.Build.0 = Release|Any CPU
		{BE649392-1409-45E7-A9E4-3A3D6DAB745D}.Ad-Hoc|x64.Deploy.0 = Release|Any CPU
		{BE649392-1409-45E7-A9E4-3A3D6DAB745D}.Ad-Hoc|x86.ActiveCfg = Release|Any CPU
		{BE649392-1409-45E7-A9E4-3A3D6DAB745D}.Ad-Hoc|x86.Build.0 = Release|Any CPU
		{BE649392-1409-45E7-A9E4-3A3D6DAB745D}.Ad-Hoc|x86.Deploy.0 = Release|Any CPU
		{BE649392-1409-45E7-A9E4-3A3D6DAB745D}.AppStore|Any CPU.ActiveCfg = Release|Any CPU
		{BE649392-1409-45E7-A9E4-3A3D6DAB745D}.AppStore|Any CPU.Build.0 = Release|Any CPU
		{BE649392-1409-45E7-A9E4-3A3D6DAB745D}.AppStore|Any CPU.Deploy.0 = Release|Any CPU
		{BE649392-1409-45E7-A9E4-3A3D6DAB745D}.AppStore|ARM.ActiveCfg = Release|Any CPU
		{BE649392-1409-45E7-A9E4-3A3D6DAB745D}.AppStore|ARM.Build.0 = Release|Any CPU
		{BE649392-1409-45E7-A9E4-3A3D6DAB745D}.AppStore|ARM.Deploy.0 = Release|Any CPU
		{BE649392-1409-45E7-A9E4-3A3D6DAB745D}.AppStore|iPhone.ActiveCfg = Release|Any CPU
		{BE649392-1409-45E7-A9E4-3A3D6DAB745D}.AppStore|iPhone.Build.0 = Release|Any CPU
		{BE649392-1409-45E7-A9E4-3A3D6DAB745D}.AppStore|iPhone.Deploy.0 = Release|Any CPU
		{BE649392-1409-45E7-A9E4-3A3D6DAB745D}.AppStore|iPhoneSimulator.ActiveCfg = Release|Any CPU
		{BE649392-1409-45E7-A9E4-3A3D6DAB745D}.AppStore|iPhoneSimulator.Build.0 = Release|Any CPU
		{BE649392-1409-45E7-A9E4-3A3D6DAB745D}.AppStore|iPhoneSimulator.Deploy.0 = Release|Any CPU
		{BE649392-1409-45E7-A9E4-3A3D6DAB745D}.AppStore|x64.ActiveCfg = Release|Any CPU
		{BE649392-1409-45E7-A9E4-3A3D6DAB745D}.AppStore|x64.Build.0 = Release|Any CPU
		{BE649392-1409-45E7-A9E4-3A3D6DAB745D}.AppStore|x64.Deploy.0 = Release|Any CPU
		{BE649392-1409-45E7-A9E4-3A3D6DAB745D}.AppStore|x86.ActiveCfg = Release|Any CPU
		{BE649392-1409-45E7-A9E4-3A3D6DAB745D}.AppStore|x86.Build.0 = Release|Any CPU
		{BE649392-1409-45E7-A9E4-3A3D6DAB745D}.AppStore|x86.Deploy.0 = Release|Any CPU
		{BE649392-1409-45E7-A9E4-3A3D6DAB745D}.Debug|Any CPU.ActiveCfg = Debug|Any CPU
		{BE649392-1409-45E7-A9E4-3A3D6DAB745D}.Debug|Any CPU.Build.0 = Debug|Any CPU
		{BE649392-1409-45E7-A9E4-3A3D6DAB745D}.Debug|Any CPU.Deploy.0 = Debug|Any CPU
		{BE649392-1409-45E7-A9E4-3A3D6DAB745D}.Debug|ARM.ActiveCfg = Debug|Any CPU
		{BE649392-1409-45E7-A9E4-3A3D6DAB745D}.Debug|ARM.Build.0 = Debug|Any CPU
		{BE649392-1409-45E7-A9E4-3A3D6DAB745D}.Debug|ARM.Deploy.0 = Debug|Any CPU
		{BE649392-1409-45E7-A9E4-3A3D6DAB745D}.Debug|iPhone.ActiveCfg = Debug|Any CPU
		{BE649392-1409-45E7-A9E4-3A3D6DAB745D}.Debug|iPhone.Build.0 = Debug|Any CPU
		{BE649392-1409-45E7-A9E4-3A3D6DAB745D}.Debug|iPhone.Deploy.0 = Debug|Any CPU
		{BE649392-1409-45E7-A9E4-3A3D6DAB745D}.Debug|iPhoneSimulator.ActiveCfg = Debug|Any CPU
		{BE649392-1409-45E7-A9E4-3A3D6DAB745D}.Debug|iPhoneSimulator.Build.0 = Debug|Any CPU
		{BE649392-1409-45E7-A9E4-3A3D6DAB745D}.Debug|iPhoneSimulator.Deploy.0 = Debug|Any CPU
		{BE649392-1409-45E7-A9E4-3A3D6DAB745D}.Debug|x64.ActiveCfg = Debug|Any CPU
		{BE649392-1409-45E7-A9E4-3A3D6DAB745D}.Debug|x64.Build.0 = Debug|Any CPU
		{BE649392-1409-45E7-A9E4-3A3D6DAB745D}.Debug|x64.Deploy.0 = Debug|Any CPU
		{BE649392-1409-45E7-A9E4-3A3D6DAB745D}.Debug|x86.ActiveCfg = Debug|Any CPU
		{BE649392-1409-45E7-A9E4-3A3D6DAB745D}.Debug|x86.Build.0 = Debug|Any CPU
		{BE649392-1409-45E7-A9E4-3A3D6DAB745D}.Debug|x86.Deploy.0 = Debug|Any CPU
		{BE649392-1409-45E7-A9E4-3A3D6DAB745D}.Release|Any CPU.ActiveCfg = Release|Any CPU
		{BE649392-1409-45E7-A9E4-3A3D6DAB745D}.Release|Any CPU.Build.0 = Release|Any CPU
		{BE649392-1409-45E7-A9E4-3A3D6DAB745D}.Release|Any CPU.Deploy.0 = Release|Any CPU
		{BE649392-1409-45E7-A9E4-3A3D6DAB745D}.Release|ARM.ActiveCfg = Release|Any CPU
		{BE649392-1409-45E7-A9E4-3A3D6DAB745D}.Release|ARM.Build.0 = Release|Any CPU
		{BE649392-1409-45E7-A9E4-3A3D6DAB745D}.Release|ARM.Deploy.0 = Release|Any CPU
		{BE649392-1409-45E7-A9E4-3A3D6DAB745D}.Release|iPhone.ActiveCfg = Release|Any CPU
		{BE649392-1409-45E7-A9E4-3A3D6DAB745D}.Release|iPhone.Build.0 = Release|Any CPU
		{BE649392-1409-45E7-A9E4-3A3D6DAB745D}.Release|iPhone.Deploy.0 = Release|Any CPU
		{BE649392-1409-45E7-A9E4-3A3D6DAB745D}.Release|iPhoneSimulator.ActiveCfg = Release|Any CPU
		{BE649392-1409-45E7-A9E4-3A3D6DAB745D}.Release|iPhoneSimulator.Build.0 = Release|Any CPU
		{BE649392-1409-45E7-A9E4-3A3D6DAB745D}.Release|iPhoneSimulator.Deploy.0 = Release|Any CPU
		{BE649392-1409-45E7-A9E4-3A3D6DAB745D}.Release|x64.ActiveCfg = Release|Any CPU
		{BE649392-1409-45E7-A9E4-3A3D6DAB745D}.Release|x64.Build.0 = Release|Any CPU
		{BE649392-1409-45E7-A9E4-3A3D6DAB745D}.Release|x64.Deploy.0 = Release|Any CPU
		{BE649392-1409-45E7-A9E4-3A3D6DAB745D}.Release|x86.ActiveCfg = Release|Any CPU
		{BE649392-1409-45E7-A9E4-3A3D6DAB745D}.Release|x86.Build.0 = Release|Any CPU
		{BE649392-1409-45E7-A9E4-3A3D6DAB745D}.Release|x86.Deploy.0 = Release|Any CPU
		{35C27AF8-2846-40D0-A37C-B4D071AF5FEA}.Ad-Hoc|Any CPU.ActiveCfg = Release|Any CPU
		{35C27AF8-2846-40D0-A37C-B4D071AF5FEA}.Ad-Hoc|Any CPU.Build.0 = Release|Any CPU
		{35C27AF8-2846-40D0-A37C-B4D071AF5FEA}.Ad-Hoc|ARM.ActiveCfg = Release|Any CPU
		{35C27AF8-2846-40D0-A37C-B4D071AF5FEA}.Ad-Hoc|ARM.Build.0 = Release|Any CPU
		{35C27AF8-2846-40D0-A37C-B4D071AF5FEA}.Ad-Hoc|iPhone.ActiveCfg = Release|Any CPU
		{35C27AF8-2846-40D0-A37C-B4D071AF5FEA}.Ad-Hoc|iPhone.Build.0 = Release|Any CPU
		{35C27AF8-2846-40D0-A37C-B4D071AF5FEA}.Ad-Hoc|iPhoneSimulator.ActiveCfg = Release|Any CPU
		{35C27AF8-2846-40D0-A37C-B4D071AF5FEA}.Ad-Hoc|iPhoneSimulator.Build.0 = Release|Any CPU
		{35C27AF8-2846-40D0-A37C-B4D071AF5FEA}.Ad-Hoc|x64.ActiveCfg = Release|Any CPU
		{35C27AF8-2846-40D0-A37C-B4D071AF5FEA}.Ad-Hoc|x64.Build.0 = Release|Any CPU
		{35C27AF8-2846-40D0-A37C-B4D071AF5FEA}.Ad-Hoc|x86.ActiveCfg = Release|Any CPU
		{35C27AF8-2846-40D0-A37C-B4D071AF5FEA}.Ad-Hoc|x86.Build.0 = Release|Any CPU
		{35C27AF8-2846-40D0-A37C-B4D071AF5FEA}.AppStore|Any CPU.ActiveCfg = Release|Any CPU
		{35C27AF8-2846-40D0-A37C-B4D071AF5FEA}.AppStore|Any CPU.Build.0 = Release|Any CPU
		{35C27AF8-2846-40D0-A37C-B4D071AF5FEA}.AppStore|ARM.ActiveCfg = Release|Any CPU
		{35C27AF8-2846-40D0-A37C-B4D071AF5FEA}.AppStore|ARM.Build.0 = Release|Any CPU
		{35C27AF8-2846-40D0-A37C-B4D071AF5FEA}.AppStore|iPhone.ActiveCfg = Release|Any CPU
		{35C27AF8-2846-40D0-A37C-B4D071AF5FEA}.AppStore|iPhone.Build.0 = Release|Any CPU
		{35C27AF8-2846-40D0-A37C-B4D071AF5FEA}.AppStore|iPhoneSimulator.ActiveCfg = Release|Any CPU
		{35C27AF8-2846-40D0-A37C-B4D071AF5FEA}.AppStore|iPhoneSimulator.Build.0 = Release|Any CPU
		{35C27AF8-2846-40D0-A37C-B4D071AF5FEA}.AppStore|x64.ActiveCfg = Release|Any CPU
		{35C27AF8-2846-40D0-A37C-B4D071AF5FEA}.AppStore|x64.Build.0 = Release|Any CPU
		{35C27AF8-2846-40D0-A37C-B4D071AF5FEA}.AppStore|x86.ActiveCfg = Release|Any CPU
		{35C27AF8-2846-40D0-A37C-B4D071AF5FEA}.AppStore|x86.Build.0 = Release|Any CPU
		{35C27AF8-2846-40D0-A37C-B4D071AF5FEA}.Debug|Any CPU.ActiveCfg = Debug|Any CPU
		{35C27AF8-2846-40D0-A37C-B4D071AF5FEA}.Debug|Any CPU.Build.0 = Debug|Any CPU
		{35C27AF8-2846-40D0-A37C-B4D071AF5FEA}.Debug|ARM.ActiveCfg = Debug|Any CPU
		{35C27AF8-2846-40D0-A37C-B4D071AF5FEA}.Debug|ARM.Build.0 = Debug|Any CPU
		{35C27AF8-2846-40D0-A37C-B4D071AF5FEA}.Debug|iPhone.ActiveCfg = Debug|Any CPU
		{35C27AF8-2846-40D0-A37C-B4D071AF5FEA}.Debug|iPhone.Build.0 = Debug|Any CPU
		{35C27AF8-2846-40D0-A37C-B4D071AF5FEA}.Debug|iPhoneSimulator.ActiveCfg = Debug|Any CPU
		{35C27AF8-2846-40D0-A37C-B4D071AF5FEA}.Debug|iPhoneSimulator.Build.0 = Debug|Any CPU
		{35C27AF8-2846-40D0-A37C-B4D071AF5FEA}.Debug|x64.ActiveCfg = Debug|Any CPU
		{35C27AF8-2846-40D0-A37C-B4D071AF5FEA}.Debug|x64.Build.0 = Debug|Any CPU
		{35C27AF8-2846-40D0-A37C-B4D071AF5FEA}.Debug|x86.ActiveCfg = Debug|Any CPU
		{35C27AF8-2846-40D0-A37C-B4D071AF5FEA}.Debug|x86.Build.0 = Debug|Any CPU
		{35C27AF8-2846-40D0-A37C-B4D071AF5FEA}.Release|Any CPU.ActiveCfg = Release|Any CPU
		{35C27AF8-2846-40D0-A37C-B4D071AF5FEA}.Release|Any CPU.Build.0 = Release|Any CPU
		{35C27AF8-2846-40D0-A37C-B4D071AF5FEA}.Release|ARM.ActiveCfg = Release|Any CPU
		{35C27AF8-2846-40D0-A37C-B4D071AF5FEA}.Release|ARM.Build.0 = Release|Any CPU
		{35C27AF8-2846-40D0-A37C-B4D071AF5FEA}.Release|iPhone.ActiveCfg = Release|Any CPU
		{35C27AF8-2846-40D0-A37C-B4D071AF5FEA}.Release|iPhone.Build.0 = Release|Any CPU
		{35C27AF8-2846-40D0-A37C-B4D071AF5FEA}.Release|iPhoneSimulator.ActiveCfg = Release|Any CPU
		{35C27AF8-2846-40D0-A37C-B4D071AF5FEA}.Release|iPhoneSimulator.Build.0 = Release|Any CPU
		{35C27AF8-2846-40D0-A37C-B4D071AF5FEA}.Release|x64.ActiveCfg = Release|Any CPU
		{35C27AF8-2846-40D0-A37C-B4D071AF5FEA}.Release|x64.Build.0 = Release|Any CPU
		{35C27AF8-2846-40D0-A37C-B4D071AF5FEA}.Release|x86.ActiveCfg = Release|Any CPU
		{35C27AF8-2846-40D0-A37C-B4D071AF5FEA}.Release|x86.Build.0 = Release|Any CPU
		{61108623-1530-4FE7-AAFE-C29DDA831EE8}.Ad-Hoc|Any CPU.ActiveCfg = Release|x86
		{61108623-1530-4FE7-AAFE-C29DDA831EE8}.Ad-Hoc|Any CPU.Build.0 = Release|x86
		{61108623-1530-4FE7-AAFE-C29DDA831EE8}.Ad-Hoc|Any CPU.Deploy.0 = Release|x86
		{61108623-1530-4FE7-AAFE-C29DDA831EE8}.Ad-Hoc|ARM.ActiveCfg = Release|ARM
		{61108623-1530-4FE7-AAFE-C29DDA831EE8}.Ad-Hoc|ARM.Build.0 = Release|ARM
		{61108623-1530-4FE7-AAFE-C29DDA831EE8}.Ad-Hoc|ARM.Deploy.0 = Release|ARM
		{61108623-1530-4FE7-AAFE-C29DDA831EE8}.Ad-Hoc|iPhone.ActiveCfg = Release|x86
		{61108623-1530-4FE7-AAFE-C29DDA831EE8}.Ad-Hoc|iPhone.Build.0 = Release|x86
		{61108623-1530-4FE7-AAFE-C29DDA831EE8}.Ad-Hoc|iPhone.Deploy.0 = Release|x86
		{61108623-1530-4FE7-AAFE-C29DDA831EE8}.Ad-Hoc|iPhoneSimulator.ActiveCfg = Release|x86
		{61108623-1530-4FE7-AAFE-C29DDA831EE8}.Ad-Hoc|iPhoneSimulator.Build.0 = Release|x86
		{61108623-1530-4FE7-AAFE-C29DDA831EE8}.Ad-Hoc|iPhoneSimulator.Deploy.0 = Release|x86
		{61108623-1530-4FE7-AAFE-C29DDA831EE8}.Ad-Hoc|x64.ActiveCfg = Release|x64
		{61108623-1530-4FE7-AAFE-C29DDA831EE8}.Ad-Hoc|x64.Build.0 = Release|x64
		{61108623-1530-4FE7-AAFE-C29DDA831EE8}.Ad-Hoc|x64.Deploy.0 = Release|x64
		{61108623-1530-4FE7-AAFE-C29DDA831EE8}.Ad-Hoc|x86.ActiveCfg = Release|x86
		{61108623-1530-4FE7-AAFE-C29DDA831EE8}.Ad-Hoc|x86.Build.0 = Release|x86
		{61108623-1530-4FE7-AAFE-C29DDA831EE8}.Ad-Hoc|x86.Deploy.0 = Release|x86
		{61108623-1530-4FE7-AAFE-C29DDA831EE8}.AppStore|Any CPU.ActiveCfg = Release|x86
		{61108623-1530-4FE7-AAFE-C29DDA831EE8}.AppStore|Any CPU.Build.0 = Release|x86
		{61108623-1530-4FE7-AAFE-C29DDA831EE8}.AppStore|Any CPU.Deploy.0 = Release|x86
		{61108623-1530-4FE7-AAFE-C29DDA831EE8}.AppStore|ARM.ActiveCfg = Release|ARM
		{61108623-1530-4FE7-AAFE-C29DDA831EE8}.AppStore|ARM.Build.0 = Release|ARM
		{61108623-1530-4FE7-AAFE-C29DDA831EE8}.AppStore|ARM.Deploy.0 = Release|ARM
		{61108623-1530-4FE7-AAFE-C29DDA831EE8}.AppStore|iPhone.ActiveCfg = Release|x86
		{61108623-1530-4FE7-AAFE-C29DDA831EE8}.AppStore|iPhone.Build.0 = Release|x86
		{61108623-1530-4FE7-AAFE-C29DDA831EE8}.AppStore|iPhone.Deploy.0 = Release|x86
		{61108623-1530-4FE7-AAFE-C29DDA831EE8}.AppStore|iPhoneSimulator.ActiveCfg = Release|x86
		{61108623-1530-4FE7-AAFE-C29DDA831EE8}.AppStore|iPhoneSimulator.Build.0 = Release|x86
		{61108623-1530-4FE7-AAFE-C29DDA831EE8}.AppStore|iPhoneSimulator.Deploy.0 = Release|x86
		{61108623-1530-4FE7-AAFE-C29DDA831EE8}.AppStore|x64.ActiveCfg = Release|x64
		{61108623-1530-4FE7-AAFE-C29DDA831EE8}.AppStore|x64.Build.0 = Release|x64
		{61108623-1530-4FE7-AAFE-C29DDA831EE8}.AppStore|x64.Deploy.0 = Release|x64
		{61108623-1530-4FE7-AAFE-C29DDA831EE8}.AppStore|x86.ActiveCfg = Release|x86
		{61108623-1530-4FE7-AAFE-C29DDA831EE8}.AppStore|x86.Build.0 = Release|x86
		{61108623-1530-4FE7-AAFE-C29DDA831EE8}.AppStore|x86.Deploy.0 = Release|x86
		{61108623-1530-4FE7-AAFE-C29DDA831EE8}.Debug|Any CPU.ActiveCfg = Debug|x86
		{61108623-1530-4FE7-AAFE-C29DDA831EE8}.Debug|ARM.ActiveCfg = Debug|ARM
		{61108623-1530-4FE7-AAFE-C29DDA831EE8}.Debug|ARM.Build.0 = Debug|ARM
		{61108623-1530-4FE7-AAFE-C29DDA831EE8}.Debug|ARM.Deploy.0 = Debug|ARM
		{61108623-1530-4FE7-AAFE-C29DDA831EE8}.Debug|iPhone.ActiveCfg = Debug|x86
		{61108623-1530-4FE7-AAFE-C29DDA831EE8}.Debug|iPhoneSimulator.ActiveCfg = Debug|x86
		{61108623-1530-4FE7-AAFE-C29DDA831EE8}.Debug|x64.ActiveCfg = Debug|x64
		{61108623-1530-4FE7-AAFE-C29DDA831EE8}.Debug|x64.Build.0 = Debug|x64
		{61108623-1530-4FE7-AAFE-C29DDA831EE8}.Debug|x64.Deploy.0 = Debug|x64
		{61108623-1530-4FE7-AAFE-C29DDA831EE8}.Debug|x86.ActiveCfg = Debug|x86
		{61108623-1530-4FE7-AAFE-C29DDA831EE8}.Debug|x86.Build.0 = Debug|x86
		{61108623-1530-4FE7-AAFE-C29DDA831EE8}.Debug|x86.Deploy.0 = Debug|x86
		{61108623-1530-4FE7-AAFE-C29DDA831EE8}.Release|Any CPU.ActiveCfg = Release|x86
		{61108623-1530-4FE7-AAFE-C29DDA831EE8}.Release|ARM.ActiveCfg = Release|ARM
		{61108623-1530-4FE7-AAFE-C29DDA831EE8}.Release|ARM.Build.0 = Release|ARM
		{61108623-1530-4FE7-AAFE-C29DDA831EE8}.Release|ARM.Deploy.0 = Release|ARM
		{61108623-1530-4FE7-AAFE-C29DDA831EE8}.Release|iPhone.ActiveCfg = Release|x86
		{61108623-1530-4FE7-AAFE-C29DDA831EE8}.Release|iPhoneSimulator.ActiveCfg = Release|x86
		{61108623-1530-4FE7-AAFE-C29DDA831EE8}.Release|x64.ActiveCfg = Release|x64
		{61108623-1530-4FE7-AAFE-C29DDA831EE8}.Release|x64.Build.0 = Release|x64
		{61108623-1530-4FE7-AAFE-C29DDA831EE8}.Release|x64.Deploy.0 = Release|x64
		{61108623-1530-4FE7-AAFE-C29DDA831EE8}.Release|x86.ActiveCfg = Release|x86
		{61108623-1530-4FE7-AAFE-C29DDA831EE8}.Release|x86.Build.0 = Release|x86
		{61108623-1530-4FE7-AAFE-C29DDA831EE8}.Release|x86.Deploy.0 = Release|x86
		{6F8AE4BA-CC13-4E0A-9197-1CAF4798127F}.Ad-Hoc|Any CPU.ActiveCfg = Ad-Hoc|iPhone
		{6F8AE4BA-CC13-4E0A-9197-1CAF4798127F}.Ad-Hoc|ARM.ActiveCfg = Ad-Hoc|iPhone
		{6F8AE4BA-CC13-4E0A-9197-1CAF4798127F}.Ad-Hoc|iPhone.ActiveCfg = Ad-Hoc|iPhone
		{6F8AE4BA-CC13-4E0A-9197-1CAF4798127F}.Ad-Hoc|iPhone.Build.0 = Ad-Hoc|iPhone
		{6F8AE4BA-CC13-4E0A-9197-1CAF4798127F}.Ad-Hoc|iPhoneSimulator.ActiveCfg = Ad-Hoc|iPhoneSimulator
		{6F8AE4BA-CC13-4E0A-9197-1CAF4798127F}.Ad-Hoc|iPhoneSimulator.Build.0 = Ad-Hoc|iPhoneSimulator
		{6F8AE4BA-CC13-4E0A-9197-1CAF4798127F}.Ad-Hoc|x64.ActiveCfg = Ad-Hoc|iPhone
		{6F8AE4BA-CC13-4E0A-9197-1CAF4798127F}.Ad-Hoc|x86.ActiveCfg = Ad-Hoc|iPhone
		{6F8AE4BA-CC13-4E0A-9197-1CAF4798127F}.AppStore|Any CPU.ActiveCfg = AppStore|iPhone
		{6F8AE4BA-CC13-4E0A-9197-1CAF4798127F}.AppStore|ARM.ActiveCfg = AppStore|iPhone
		{6F8AE4BA-CC13-4E0A-9197-1CAF4798127F}.AppStore|iPhone.ActiveCfg = AppStore|iPhone
		{6F8AE4BA-CC13-4E0A-9197-1CAF4798127F}.AppStore|iPhone.Build.0 = AppStore|iPhone
		{6F8AE4BA-CC13-4E0A-9197-1CAF4798127F}.AppStore|iPhoneSimulator.ActiveCfg = AppStore|iPhoneSimulator
		{6F8AE4BA-CC13-4E0A-9197-1CAF4798127F}.AppStore|iPhoneSimulator.Build.0 = AppStore|iPhoneSimulator
		{6F8AE4BA-CC13-4E0A-9197-1CAF4798127F}.AppStore|x64.ActiveCfg = AppStore|iPhone
		{6F8AE4BA-CC13-4E0A-9197-1CAF4798127F}.AppStore|x86.ActiveCfg = AppStore|iPhone
		{6F8AE4BA-CC13-4E0A-9197-1CAF4798127F}.Debug|Any CPU.ActiveCfg = Debug|iPhone
		{6F8AE4BA-CC13-4E0A-9197-1CAF4798127F}.Debug|ARM.ActiveCfg = Debug|iPhone
		{6F8AE4BA-CC13-4E0A-9197-1CAF4798127F}.Debug|iPhone.ActiveCfg = Debug|iPhone
		{6F8AE4BA-CC13-4E0A-9197-1CAF4798127F}.Debug|iPhone.Build.0 = Debug|iPhone
		{6F8AE4BA-CC13-4E0A-9197-1CAF4798127F}.Debug|iPhoneSimulator.ActiveCfg = Debug|iPhoneSimulator
		{6F8AE4BA-CC13-4E0A-9197-1CAF4798127F}.Debug|iPhoneSimulator.Build.0 = Debug|iPhoneSimulator
		{6F8AE4BA-CC13-4E0A-9197-1CAF4798127F}.Debug|x64.ActiveCfg = Debug|iPhone
		{6F8AE4BA-CC13-4E0A-9197-1CAF4798127F}.Debug|x86.ActiveCfg = Debug|iPhone
		{6F8AE4BA-CC13-4E0A-9197-1CAF4798127F}.Release|Any CPU.ActiveCfg = Release|iPhone
		{6F8AE4BA-CC13-4E0A-9197-1CAF4798127F}.Release|ARM.ActiveCfg = Release|iPhone
		{6F8AE4BA-CC13-4E0A-9197-1CAF4798127F}.Release|iPhone.ActiveCfg = Release|iPhone
		{6F8AE4BA-CC13-4E0A-9197-1CAF4798127F}.Release|iPhone.Build.0 = Release|iPhone
		{6F8AE4BA-CC13-4E0A-9197-1CAF4798127F}.Release|iPhoneSimulator.ActiveCfg = Release|iPhoneSimulator
		{6F8AE4BA-CC13-4E0A-9197-1CAF4798127F}.Release|iPhoneSimulator.Build.0 = Release|iPhoneSimulator
		{6F8AE4BA-CC13-4E0A-9197-1CAF4798127F}.Release|x64.ActiveCfg = Release|iPhone
		{6F8AE4BA-CC13-4E0A-9197-1CAF4798127F}.Release|x86.ActiveCfg = Release|iPhone
	EndGlobalSection
	GlobalSection(SolutionProperties) = preSolution
		HideSolutionNode = FALSE
	EndGlobalSection
EndGlobal
